// !$*UTF8*$!
{
	archiveVersion = 1;
	classes = {
	};
	objectVersion = 48;
	objects = {

/* Begin PBXBuildFile section */
		01729A261FBC31C00014FFF5 /* AppDelegate.swift in Sources */ = {isa = PBXBuildFile; fileRef = 01729A251FBC31C00014FFF5 /* AppDelegate.swift */; };
		01729A281FBC31C00014FFF5 /* ViewController.swift in Sources */ = {isa = PBXBuildFile; fileRef = 01729A271FBC31C00014FFF5 /* ViewController.swift */; };
		01729A2B1FBC31C00014FFF5 /* Main.storyboard in Resources */ = {isa = PBXBuildFile; fileRef = 01729A291FBC31C00014FFF5 /* Main.storyboard */; };
		01729A2D1FBC31C00014FFF5 /* Assets.xcassets in Resources */ = {isa = PBXBuildFile; fileRef = 01729A2C1FBC31C00014FFF5 /* Assets.xcassets */; };
		01729A301FBC31C00014FFF5 /* LaunchScreen.storyboard in Resources */ = {isa = PBXBuildFile; fileRef = 01729A2E1FBC31C00014FFF5 /* LaunchScreen.storyboard */; };
		01729A3B1FBC31C00014FFF5 /* FlixTests.swift in Sources */ = {isa = PBXBuildFile; fileRef = 01729A3A1FBC31C00014FFF5 /* FlixTests.swift */; };
		01729A461FBC31C00014FFF5 /* FlixUITests.swift in Sources */ = {isa = PBXBuildFile; fileRef = 01729A451FBC31C00014FFF5 /* FlixUITests.swift */; };
/* End PBXBuildFile section */

/* Begin PBXContainerItemProxy section */
		01729A371FBC31C00014FFF5 /* PBXContainerItemProxy */ = {
			isa = PBXContainerItemProxy;
			containerPortal = 01729A1A1FBC31C00014FFF5 /* Project object */;
			proxyType = 1;
			remoteGlobalIDString = 01729A211FBC31C00014FFF5;
			remoteInfo = Flix;
		};
		01729A421FBC31C00014FFF5 /* PBXContainerItemProxy */ = {
			isa = PBXContainerItemProxy;
			containerPortal = 01729A1A1FBC31C00014FFF5 /* Project object */;
			proxyType = 1;
			remoteGlobalIDString = 01729A211FBC31C00014FFF5;
			remoteInfo = Flix;
		};
/* End PBXContainerItemProxy section */

/* Begin PBXFileReference section */
		01729A221FBC31C00014FFF5 /* Flix.app */ = {isa = PBXFileReference; explicitFileType = wrapper.application; includeInIndex = 0; path = Flix.app; sourceTree = BUILT_PRODUCTS_DIR; };
		01729A251FBC31C00014FFF5 /* AppDelegate.swift */ = {isa = PBXFileReference; lastKnownFileType = sourcecode.swift; path = AppDelegate.swift; sourceTree = "<group>"; };
		01729A271FBC31C00014FFF5 /* ViewController.swift */ = {isa = PBXFileReference; lastKnownFileType = sourcecode.swift; path = ViewController.swift; sourceTree = "<group>"; };
		01729A2A1FBC31C00014FFF5 /* Base */ = {isa = PBXFileReference; lastKnownFileType = file.storyboard; name = Base; path = Base.lproj/Main.storyboard; sourceTree = "<group>"; };
		01729A2C1FBC31C00014FFF5 /* Assets.xcassets */ = {isa = PBXFileReference; lastKnownFileType = folder.assetcatalog; path = Assets.xcassets; sourceTree = "<group>"; };
		01729A2F1FBC31C00014FFF5 /* Base */ = {isa = PBXFileReference; lastKnownFileType = file.storyboard; name = Base; path = Base.lproj/LaunchScreen.storyboard; sourceTree = "<group>"; };
		01729A311FBC31C00014FFF5 /* Info.plist */ = {isa = PBXFileReference; lastKnownFileType = text.plist.xml; path = Info.plist; sourceTree = "<group>"; };
		01729A361FBC31C00014FFF5 /* FlixTests.xctest */ = {isa = PBXFileReference; explicitFileType = wrapper.cfbundle; includeInIndex = 0; path = FlixTests.xctest; sourceTree = BUILT_PRODUCTS_DIR; };
		01729A3A1FBC31C00014FFF5 /* FlixTests.swift */ = {isa = PBXFileReference; lastKnownFileType = sourcecode.swift; path = FlixTests.swift; sourceTree = "<group>"; };
		01729A3C1FBC31C00014FFF5 /* Info.plist */ = {isa = PBXFileReference; lastKnownFileType = text.plist.xml; path = Info.plist; sourceTree = "<group>"; };
		01729A411FBC31C00014FFF5 /* FlixUITests.xctest */ = {isa = PBXFileReference; explicitFileType = wrapper.cfbundle; includeInIndex = 0; path = FlixUITests.xctest; sourceTree = BUILT_PRODUCTS_DIR; };
		01729A451FBC31C00014FFF5 /* FlixUITests.swift */ = {isa = PBXFileReference; lastKnownFileType = sourcecode.swift; path = FlixUITests.swift; sourceTree = "<group>"; };
		01729A471FBC31C00014FFF5 /* Info.plist */ = {isa = PBXFileReference; lastKnownFileType = text.plist.xml; path = Info.plist; sourceTree = "<group>"; };
/* End PBXFileReference section */

/* Begin PBXFrameworksBuildPhase section */
		01729A1F1FBC31C00014FFF5 /* Frameworks */ = {
			isa = PBXFrameworksBuildPhase;
			buildActionMask = 2147483647;
			files = (
			);
			runOnlyForDeploymentPostprocessing = 0;
		};
		01729A331FBC31C00014FFF5 /* Frameworks */ = {
			isa = PBXFrameworksBuildPhase;
			buildActionMask = 2147483647;
			files = (
			);
			runOnlyForDeploymentPostprocessing = 0;
		};
		01729A3E1FBC31C00014FFF5 /* Frameworks */ = {
			isa = PBXFrameworksBuildPhase;
			buildActionMask = 2147483647;
			files = (
			);
			runOnlyForDeploymentPostprocessing = 0;
		};
/* End PBXFrameworksBuildPhase section */

/* Begin PBXGroup section */
		01729A191FBC31C00014FFF5 = {
			isa = PBXGroup;
			children = (
				01729A241FBC31C00014FFF5 /* Flix */,
				01729A391FBC31C00014FFF5 /* FlixTests */,
				01729A441FBC31C00014FFF5 /* FlixUITests */,
				01729A231FBC31C00014FFF5 /* Products */,
			);
			sourceTree = "<group>";
		};
		01729A231FBC31C00014FFF5 /* Products */ = {
			isa = PBXGroup;
			children = (
				01729A221FBC31C00014FFF5 /* Flix.app */,
				01729A361FBC31C00014FFF5 /* FlixTests.xctest */,
				01729A411FBC31C00014FFF5 /* FlixUITests.xctest */,
			);
			name = Products;
			sourceTree = "<group>";
		};
		01729A241FBC31C00014FFF5 /* Flix */ = {
			isa = PBXGroup;
			children = (
				01729A251FBC31C00014FFF5 /* AppDelegate.swift */,
				01729A271FBC31C00014FFF5 /* ViewController.swift */,
				01729A291FBC31C00014FFF5 /* Main.storyboard */,
				01729A2C1FBC31C00014FFF5 /* Assets.xcassets */,
				01729A2E1FBC31C00014FFF5 /* LaunchScreen.storyboard */,
				01729A311FBC31C00014FFF5 /* Info.plist */,
			);
			path = Flix;
			sourceTree = "<group>";
		};
		01729A391FBC31C00014FFF5 /* FlixTests */ = {
			isa = PBXGroup;
			children = (
				01729A3A1FBC31C00014FFF5 /* FlixTests.swift */,
				01729A3C1FBC31C00014FFF5 /* Info.plist */,
			);
			path = FlixTests;
			sourceTree = "<group>";
		};
		01729A441FBC31C00014FFF5 /* FlixUITests */ = {
			isa = PBXGroup;
			children = (
				01729A451FBC31C00014FFF5 /* FlixUITests.swift */,
				01729A471FBC31C00014FFF5 /* Info.plist */,
			);
			path = FlixUITests;
			sourceTree = "<group>";
		};
/* End PBXGroup section */

/* Begin PBXNativeTarget section */
		01729A211FBC31C00014FFF5 /* Flix */ = {
			isa = PBXNativeTarget;
			buildConfigurationList = 01729A4A1FBC31C00014FFF5 /* Build configuration list for PBXNativeTarget "Flix" */;
			buildPhases = (
				01729A1E1FBC31C00014FFF5 /* Sources */,
				01729A1F1FBC31C00014FFF5 /* Frameworks */,
				01729A201FBC31C00014FFF5 /* Resources */,
			);
			buildRules = (
			);
			dependencies = (
			);
			name = Flix;
			productName = Flix;
			productReference = 01729A221FBC31C00014FFF5 /* Flix.app */;
			productType = "com.apple.product-type.application";
		};
		01729A351FBC31C00014FFF5 /* FlixTests */ = {
			isa = PBXNativeTarget;
			buildConfigurationList = 01729A4D1FBC31C00014FFF5 /* Build configuration list for PBXNativeTarget "FlixTests" */;
			buildPhases = (
				01729A321FBC31C00014FFF5 /* Sources */,
				01729A331FBC31C00014FFF5 /* Frameworks */,
				01729A341FBC31C00014FFF5 /* Resources */,
			);
			buildRules = (
			);
			dependencies = (
				01729A381FBC31C00014FFF5 /* PBXTargetDependency */,
			);
			name = FlixTests;
			productName = FlixTests;
			productReference = 01729A361FBC31C00014FFF5 /* FlixTests.xctest */;
			productType = "com.apple.product-type.bundle.unit-test";
		};
		01729A401FBC31C00014FFF5 /* FlixUITests */ = {
			isa = PBXNativeTarget;
			buildConfigurationList = 01729A501FBC31C00014FFF5 /* Build configuration list for PBXNativeTarget "FlixUITests" */;
			buildPhases = (
				01729A3D1FBC31C00014FFF5 /* Sources */,
				01729A3E1FBC31C00014FFF5 /* Frameworks */,
				01729A3F1FBC31C00014FFF5 /* Resources */,
			);
			buildRules = (
			);
			dependencies = (
				01729A431FBC31C00014FFF5 /* PBXTargetDependency */,
			);
			name = FlixUITests;
			productName = FlixUITests;
			productReference = 01729A411FBC31C00014FFF5 /* FlixUITests.xctest */;
			productType = "com.apple.product-type.bundle.ui-testing";
		};
/* End PBXNativeTarget section */

/* Begin PBXProject section */
		01729A1A1FBC31C00014FFF5 /* Project object */ = {
			isa = PBXProject;
			attributes = {
				LastSwiftUpdateCheck = 0900;
				LastUpgradeCheck = 0900;
				ORGANIZATIONNAME = "Karen Angela Uy";
				TargetAttributes = {
					01729A211FBC31C00014FFF5 = {
						CreatedOnToolsVersion = 9.0.1;
						ProvisioningStyle = Automatic;
					};
					01729A351FBC31C00014FFF5 = {
						CreatedOnToolsVersion = 9.0.1;
						ProvisioningStyle = Automatic;
						TestTargetID = 01729A211FBC31C00014FFF5;
					};
					01729A401FBC31C00014FFF5 = {
						CreatedOnToolsVersion = 9.0.1;
						ProvisioningStyle = Automatic;
						TestTargetID = 01729A211FBC31C00014FFF5;
					};
				};
			};
			buildConfigurationList = 01729A1D1FBC31C00014FFF5 /* Build configuration list for PBXProject "Flix" */;
			compatibilityVersion = "Xcode 8.0";
			developmentRegion = en;
			hasScannedForEncodings = 0;
			knownRegions = (
				en,
				Base,
			);
			mainGroup = 01729A191FBC31C00014FFF5;
			productRefGroup = 01729A231FBC31C00014FFF5 /* Products */;
			projectDirPath = "";
			projectRoot = "";
			targets = (
				01729A211FBC31C00014FFF5 /* Flix */,
				01729A351FBC31C00014FFF5 /* FlixTests */,
				01729A401FBC31C00014FFF5 /* FlixUITests */,
			);
		};
/* End PBXProject section */

/* Begin PBXResourcesBuildPhase section */
		01729A201FBC31C00014FFF5 /* Resources */ = {
			isa = PBXResourcesBuildPhase;
			buildActionMask = 2147483647;
			files = (
				01729A301FBC31C00014FFF5 /* LaunchScreen.storyboard in Resources */,
				01729A2D1FBC31C00014FFF5 /* Assets.xcassets in Resources */,
				01729A2B1FBC31C00014FFF5 /* Main.storyboard in Resources */,
			);
			runOnlyForDeploymentPostprocessing = 0;
		};
		01729A341FBC31C00014FFF5 /* Resources */ = {
			isa = PBXResourcesBuildPhase;
			buildActionMask = 2147483647;
			files = (
			);
			runOnlyForDeploymentPostprocessing = 0;
		};
		01729A3F1FBC31C00014FFF5 /* Resources */ = {
			isa = PBXResourcesBuildPhase;
			buildActionMask = 2147483647;
			files = (
			);
			runOnlyForDeploymentPostprocessing = 0;
		};
/* End PBXResourcesBuildPhase section */

/* Begin PBXSourcesBuildPhase section */
		01729A1E1FBC31C00014FFF5 /* Sources */ = {
			isa = PBXSourcesBuildPhase;
			buildActionMask = 2147483647;
			files = (
				01729A281FBC31C00014FFF5 /* ViewController.swift in Sources */,
				01729A261FBC31C00014FFF5 /* AppDelegate.swift in Sources */,
			);
			runOnlyForDeploymentPostprocessing = 0;
		};
		01729A321FBC31C00014FFF5 /* Sources */ = {
			isa = PBXSourcesBuildPhase;
			buildActionMask = 2147483647;
			files = (
				01729A3B1FBC31C00014FFF5 /* FlixTests.swift in Sources */,
			);
			runOnlyForDeploymentPostprocessing = 0;
		};
		01729A3D1FBC31C00014FFF5 /* Sources */ = {
			isa = PBXSourcesBuildPhase;
			buildActionMask = 2147483647;
			files = (
				01729A461FBC31C00014FFF5 /* FlixUITests.swift in Sources */,
			);
			runOnlyForDeploymentPostprocessing = 0;
		};
/* End PBXSourcesBuildPhase section */

/* Begin PBXTargetDependency section */
		01729A381FBC31C00014FFF5 /* PBXTargetDependency */ = {
			isa = PBXTargetDependency;
			target = 01729A211FBC31C00014FFF5 /* Flix */;
			targetProxy = 01729A371FBC31C00014FFF5 /* PBXContainerItemProxy */;
		};
		01729A431FBC31C00014FFF5 /* PBXTargetDependency */ = {
			isa = PBXTargetDependency;
			target = 01729A211FBC31C00014FFF5 /* Flix */;
			targetProxy = 01729A421FBC31C00014FFF5 /* PBXContainerItemProxy */;
		};
/* End PBXTargetDependency section */

/* Begin PBXVariantGroup section */
		01729A291FBC31C00014FFF5 /* Main.storyboard */ = {
			isa = PBXVariantGroup;
			children = (
				01729A2A1FBC31C00014FFF5 /* Base */,
			);
			name = Main.storyboard;
			sourceTree = "<group>";
		};
		01729A2E1FBC31C00014FFF5 /* LaunchScreen.storyboard */ = {
			isa = PBXVariantGroup;
			children = (
				01729A2F1FBC31C00014FFF5 /* Base */,
			);
			name = LaunchScreen.storyboard;
			sourceTree = "<group>";
		};
/* End PBXVariantGroup section */

/* Begin XCBuildConfiguration section */
		01729A481FBC31C00014FFF5 /* Debug */ = {
			isa = XCBuildConfiguration;
			buildSettings = {
				ALWAYS_SEARCH_USER_PATHS = NO;
				CLANG_ANALYZER_NONNULL = YES;
				CLANG_ANALYZER_NUMBER_OBJECT_CONVERSION = YES_AGGRESSIVE;
				CLANG_CXX_LANGUAGE_STANDARD = "gnu++14";
				CLANG_CXX_LIBRARY = "libc++";
				CLANG_ENABLE_MODULES = YES;
				CLANG_ENABLE_OBJC_ARC = YES;
				CLANG_WARN_BLOCK_CAPTURE_AUTORELEASING = YES;
				CLANG_WARN_BOOL_CONVERSION = YES;
				CLANG_WARN_COMMA = YES;
				CLANG_WARN_CONSTANT_CONVERSION = YES;
				CLANG_WARN_DIRECT_OBJC_ISA_USAGE = YES_ERROR;
				CLANG_WARN_DOCUMENTATION_COMMENTS = YES;
				CLANG_WARN_EMPTY_BODY = YES;
				CLANG_WARN_ENUM_CONVERSION = YES;
				CLANG_WARN_INFINITE_RECURSION = YES;
				CLANG_WARN_INT_CONVERSION = YES;
				CLANG_WARN_NON_LITERAL_NULL_CONVERSION = YES;
				CLANG_WARN_OBJC_LITERAL_CONVERSION = YES;
				CLANG_WARN_OBJC_ROOT_CLASS = YES_ERROR;
				CLANG_WARN_RANGE_LOOP_ANALYSIS = YES;
				CLANG_WARN_STRICT_PROTOTYPES = YES;
				CLANG_WARN_SUSPICIOUS_MOVE = YES;
				CLANG_WARN_UNGUARDED_AVAILABILITY = YES_AGGRESSIVE;
				CLANG_WARN_UNREACHABLE_CODE = YES;
				CLANG_WARN__DUPLICATE_METHOD_MATCH = YES;
				CODE_SIGN_IDENTITY = "iPhone Developer";
				COPY_PHASE_STRIP = NO;
				DEBUG_INFORMATION_FORMAT = dwarf;
				ENABLE_STRICT_OBJC_MSGSEND = YES;
				ENABLE_TESTABILITY = YES;
				GCC_C_LANGUAGE_STANDARD = gnu11;
				GCC_DYNAMIC_NO_PIC = NO;
				GCC_NO_COMMON_BLOCKS = YES;
				GCC_OPTIMIZATION_LEVEL = 0;
				GCC_PREPROCESSOR_DEFINITIONS = (
					"DEBUG=1",
					"$(inherited)",
				);
				GCC_WARN_64_TO_32_BIT_CONVERSION = YES;
				GCC_WARN_ABOUT_RETURN_TYPE = YES_ERROR;
				GCC_WARN_UNDECLARED_SELECTOR = YES;
				GCC_WARN_UNINITIALIZED_AUTOS = YES_AGGRESSIVE;
				GCC_WARN_UNUSED_FUNCTION = YES;
				GCC_WARN_UNUSED_VARIABLE = YES;
				IPHONEOS_DEPLOYMENT_TARGET = 11.0;
				MTL_ENABLE_DEBUG_INFO = YES;
				ONLY_ACTIVE_ARCH = YES;
				SDKROOT = iphoneos;
				SWIFT_ACTIVE_COMPILATION_CONDITIONS = DEBUG;
				SWIFT_OPTIMIZATION_LEVEL = "-Onone";
			};
			name = Debug;
		};
		01729A491FBC31C00014FFF5 /* Release */ = {
			isa = XCBuildConfiguration;
			buildSettings = {
				ALWAYS_SEARCH_USER_PATHS = NO;
				CLANG_ANALYZER_NONNULL = YES;
				CLANG_ANALYZER_NUMBER_OBJECT_CONVERSION = YES_AGGRESSIVE;
				CLANG_CXX_LANGUAGE_STANDARD = "gnu++14";
				CLANG_CXX_LIBRARY = "libc++";
				CLANG_ENABLE_MODULES = YES;
				CLANG_ENABLE_OBJC_ARC = YES;
				CLANG_WARN_BLOCK_CAPTURE_AUTORELEASING = YES;
				CLANG_WARN_BOOL_CONVERSION = YES;
				CLANG_WARN_COMMA = YES;
				CLANG_WARN_CONSTANT_CONVERSION = YES;
				CLANG_WARN_DIRECT_OBJC_ISA_USAGE = YES_ERROR;
				CLANG_WARN_DOCUMENTATION_COMMENTS = YES;
				CLANG_WARN_EMPTY_BODY = YES;
				CLANG_WARN_ENUM_CONVERSION = YES;
				CLANG_WARN_INFINITE_RECURSION = YES;
				CLANG_WARN_INT_CONVERSION = YES;
				CLANG_WARN_NON_LITERAL_NULL_CONVERSION = YES;
				CLANG_WARN_OBJC_LITERAL_CONVERSION = YES;
				CLANG_WARN_OBJC_ROOT_CLASS = YES_ERROR;
				CLANG_WARN_RANGE_LOOP_ANALYSIS = YES;
				CLANG_WARN_STRICT_PROTOTYPES = YES;
				CLANG_WARN_SUSPICIOUS_MOVE = YES;
				CLANG_WARN_UNGUARDED_AVAILABILITY = YES_AGGRESSIVE;
				CLANG_WARN_UNREACHABLE_CODE = YES;
				CLANG_WARN__DUPLICATE_METHOD_MATCH = YES;
				CODE_SIGN_IDENTITY = "iPhone Developer";
				COPY_PHASE_STRIP = NO;
				DEBUG_INFORMATION_FORMAT = "dwarf-with-dsym";
				ENABLE_NS_ASSERTIONS = NO;
				ENABLE_STRICT_OBJC_MSGSEND = YES;
				GCC_C_LANGUAGE_STANDARD = gnu11;
				GCC_NO_COMMON_BLOCKS = YES;
				GCC_WARN_64_TO_32_BIT_CONVERSION = YES;
				GCC_WARN_ABOUT_RETURN_TYPE = YES_ERROR;
				GCC_WARN_UNDECLARED_SELECTOR = YES;
				GCC_WARN_UNINITIALIZED_AUTOS = YES_AGGRESSIVE;
				GCC_WARN_UNUSED_FUNCTION = YES;
				GCC_WARN_UNUSED_VARIABLE = YES;
				IPHONEOS_DEPLOYMENT_TARGET = 11.0;
				MTL_ENABLE_DEBUG_INFO = NO;
				SDKROOT = iphoneos;
				SWIFT_OPTIMIZATION_LEVEL = "-Owholemodule";
				VALIDATE_PRODUCT = YES;
			};
			name = Release;
		};
		01729A4B1FBC31C00014FFF5 /* Debug */ = {
			isa = XCBuildConfiguration;
			buildSettings = {
				ASSETCATALOG_COMPILER_APPICON_NAME = AppIcon;
				CODE_SIGN_STYLE = Automatic;
				INFOPLIST_FILE = Flix/Info.plist;
				LD_RUNPATH_SEARCH_PATHS = "$(inherited) @executable_path/Frameworks";
				PRODUCT_BUNDLE_IDENTIFIER = CodePath.Flix;
				PRODUCT_NAME = "$(TARGET_NAME)";
				SWIFT_VERSION = 4.0;
				TARGETED_DEVICE_FAMILY = 1;
			};
			name = Debug;
		};
		01729A4C1FBC31C00014FFF5 /* Release */ = {
			isa = XCBuildConfiguration;
			buildSettings = {
				ASSETCATALOG_COMPILER_APPICON_NAME = AppIcon;
				CODE_SIGN_STYLE = Automatic;
				INFOPLIST_FILE = Flix/Info.plist;
				LD_RUNPATH_SEARCH_PATHS = "$(inherited) @executable_path/Frameworks";
				PRODUCT_BUNDLE_IDENTIFIER = CodePath.Flix;
				PRODUCT_NAME = "$(TARGET_NAME)";
				SWIFT_VERSION = 4.0;
				TARGETED_DEVICE_FAMILY = 1;
			};
			name = Release;
		};
		01729A4E1FBC31C00014FFF5 /* Debug */ = {
			isa = XCBuildConfiguration;
			buildSettings = {
				ALWAYS_EMBED_SWIFT_STANDARD_LIBRARIES = YES;
				BUNDLE_LOADER = "$(TEST_HOST)";
				CODE_SIGN_STYLE = Automatic;
				INFOPLIST_FILE = FlixTests/Info.plist;
				LD_RUNPATH_SEARCH_PATHS = "$(inherited) @executable_path/Frameworks @loader_path/Frameworks";
				PRODUCT_BUNDLE_IDENTIFIER = CodePath.FlixTests;
				PRODUCT_NAME = "$(TARGET_NAME)";
				SWIFT_VERSION = 4.0;
				TARGETED_DEVICE_FAMILY = "1,2";
				TEST_HOST = "$(BUILT_PRODUCTS_DIR)/Flix.app/Flix";
			};
			name = Debug;
		};
		01729A4F1FBC31C00014FFF5 /* Release */ = {
			isa = XCBuildConfiguration;
			buildSettings = {
				ALWAYS_EMBED_SWIFT_STANDARD_LIBRARIES = YES;
				BUNDLE_LOADER = "$(TEST_HOST)";
				CODE_SIGN_STYLE = Automatic;
				INFOPLIST_FILE = FlixTests/Info.plist;
				LD_RUNPATH_SEARCH_PATHS = "$(inherited) @executable_path/Frameworks @loader_path/Frameworks";
				PRODUCT_BUNDLE_IDENTIFIER = CodePath.FlixTests;
				PRODUCT_NAME = "$(TARGET_NAME)";
				SWIFT_VERSION = 4.0;
				TARGETED_DEVICE_FAMILY = "1,2";
				TEST_HOST = "$(BUILT_PRODUCTS_DIR)/Flix.app/Flix";
			};
			name = Release;
		};
		01729A511FBC31C00014FFF5 /* Debug */ = {
			isa = XCBuildConfiguration;
			buildSettings = {
				ALWAYS_EMBED_SWIFT_STANDARD_LIBRARIES = YES;
				CODE_SIGN_STYLE = Automatic;
				INFOPLIST_FILE = FlixUITests/Info.plist;
				LD_RUNPATH_SEARCH_PATHS = "$(inherited) @executable_path/Frameworks @loader_path/Frameworks";
				PRODUCT_BUNDLE_IDENTIFIER = CodePath.FlixUITests;
				PRODUCT_NAME = "$(TARGET_NAME)";
				SWIFT_VERSION = 4.0;
				TARGETED_DEVICE_FAMILY = "1,2";
				TEST_TARGET_NAME = Flix;
			};
			name = Debug;
		};
		01729A521FBC31C00014FFF5 /* Release */ = {
			isa = XCBuildConfiguration;
			buildSettings = {
				ALWAYS_EMBED_SWIFT_STANDARD_LIBRARIES = YES;
				CODE_SIGN_STYLE = Automatic;
				INFOPLIST_FILE = FlixUITests/Info.plist;
				LD_RUNPATH_SEARCH_PATHS = "$(inherited) @executable_path/Frameworks @loader_path/Frameworks";
				PRODUCT_BUNDLE_IDENTIFIER = CodePath.FlixUITests;
				PRODUCT_NAME = "$(TARGET_NAME)";
				SWIFT_VERSION = 4.0;
				TARGETED_DEVICE_FAMILY = "1,2";
				TEST_TARGET_NAME = Flix;
			};
			name = Release;
		};
/* End XCBuildConfiguration section */

/* Begin XCConfigurationList section */
		01729A1D1FBC31C00014FFF5 /* Build configuration list for PBXProject "Flix" */ = {
			isa = XCConfigurationList;
			buildConfigurations = (
				01729A481FBC31C00014FFF5 /* Debug */,
				01729A491FBC31C00014FFF5 /* Release */,
			);
			defaultConfigurationIsVisible = 0;
			defaultConfigurationName = Release;
		};
		01729A4A1FBC31C00014FFF5 /* Build configuration list for PBXNativeTarget "Flix" */ = {
			isa = XCConfigurationList;
			buildConfigurations = (
				01729A4B1FBC31C00014FFF5 /* Debug */,
				01729A4C1FBC31C00014FFF5 /* Release */,
			);
			defaultConfigurationIsVisible = 0;
			defaultConfigurationName = Release;
		};
		01729A4D1FBC31C00014FFF5 /* Build configuration list for PBXNativeTarget "FlixTests" */ = {
			isa = XCConfigurationList;
			buildConfigurations = (
				01729A4E1FBC31C00014FFF5 /* Debug */,
				01729A4F1FBC31C00014FFF5 /* Release */,
			);
			defaultConfigurationIsVisible = 0;
			defaultConfigurationName = Release;
		};
		01729A501FBC31C00014FFF5 /* Build configuration list for PBXNativeTarget "FlixUITests" */ = {
			isa = XCConfigurationList;
			buildConfigurations = (
				01729A511FBC31C00014FFF5 /* Debug */,
				01729A521FBC31C00014FFF5 /* Release */,
			);
			defaultConfigurationIsVisible = 0;
			defaultConfigurationName = Release;
		};
/* End XCConfigurationList section */
	};
	rootObject = 01729A1A1FBC31C00014FFF5 /* Project object */;
}
